// !$*UTF8*$!
{
	archiveVersion = 1;
	classes = {
	};
	objectVersion = 46;
	objects = {

/* Begin PBXBuildFile section */
		681DA9F51B60E8AC00575485 /* main.m in Sources */ = {isa = PBXBuildFile; fileRef = 681DA9F41B60E8AC00575485 /* main.m */; };
		681DA9F81B60E8AC00575485 /* AppDelegate.m in Sources */ = {isa = PBXBuildFile; fileRef = 681DA9F71B60E8AC00575485 /* AppDelegate.m */; };
		681DA9FB1B60E8AC00575485 /* ViewController.m in Sources */ = {isa = PBXBuildFile; fileRef = 681DA9FA1B60E8AC00575485 /* ViewController.m */; };
		681DA9FE1B60E8AC00575485 /* Main.storyboard in Resources */ = {isa = PBXBuildFile; fileRef = 681DA9FC1B60E8AC00575485 /* Main.storyboard */; };
		681DAA001B60E8AC00575485 /* Images.xcassets in Resources */ = {isa = PBXBuildFile; fileRef = 681DA9FF1B60E8AC00575485 /* Images.xcassets */; };
		681DAA031B60E8AC00575485 /* LaunchScreen.xib in Resources */ = {isa = PBXBuildFile; fileRef = 681DAA011B60E8AC00575485 /* LaunchScreen.xib */; };
		681DAA0F1B60E8AC00575485 /* ____Tests.m in Sources */ = {isa = PBXBuildFile; fileRef = 681DAA0E1B60E8AC00575485 /* ____Tests.m */; };
/* End PBXBuildFile section */

/* Begin PBXContainerItemProxy section */
		681DAA091B60E8AC00575485 /* PBXContainerItemProxy */ = {
			isa = PBXContainerItemProxy;
			containerPortal = 681DA9E71B60E8AC00575485 /* Project object */;
			proxyType = 1;
			remoteGlobalIDString = 681DA9EE1B60E8AC00575485;
			remoteInfo = "字体间距";
		};
/* End PBXContainerItemProxy section */

/* Begin PBXFileReference section */
		681DA9EF1B60E8AC00575485 /* 字体间距.app */ = {isa = PBXFileReference; explicitFileType = wrapper.application; includeInIndex = 0; path = "字体间距.app"; sourceTree = BUILT_PRODUCTS_DIR; };
		681DA9F31B60E8AC00575485 /* Info.plist */ = {isa = PBXFileReference; lastKnownFileType = text.plist.xml; path = Info.plist; sourceTree = "<group>"; };
		681DA9F41B60E8AC00575485 /* main.m */ = {isa = PBXFileReference; lastKnownFileType = sourcecode.c.objc; path = main.m; sourceTree = "<group>"; };
		681DA9F61B60E8AC00575485 /* AppDelegate.h */ = {isa = PBXFileReference; lastKnownFileType = sourcecode.c.h; path = AppDelegate.h; sourceTree = "<group>"; };
		681DA9F71B60E8AC00575485 /* AppDelegate.m */ = {isa = PBXFileReference; lastKnownFileType = sourcecode.c.objc; path = AppDelegate.m; sourceTree = "<group>"; };
		681DA9F91B60E8AC00575485 /* ViewController.h */ = {isa = PBXFileReference; lastKnownFileType = sourcecode.c.h; path = ViewController.h; sourceTree = "<group>"; };
		681DA9FA1B60E8AC00575485 /* ViewController.m */ = {isa = PBXFileReference; lastKnownFileType = sourcecode.c.objc; path = ViewController.m; sourceTree = "<group>"; };
		681DA9FD1B60E8AC00575485 /* Base */ = {isa = PBXFileReference; lastKnownFileType = file.storyboard; name = Base; path = Base.lproj/Main.storyboard; sourceTree = "<group>"; };
		681DA9FF1B60E8AC00575485 /* Images.xcassets */ = {isa = PBXFileReference; lastKnownFileType = folder.assetcatalog; path = Images.xcassets; sourceTree = "<group>"; };
		681DAA021B60E8AC00575485 /* Base */ = {isa = PBXFileReference; lastKnownFileType = file.xib; name = Base; path = Base.lproj/LaunchScreen.xib; sourceTree = "<group>"; };
		681DAA081B60E8AC00575485 /* 字体间距Tests.xctest */ = {isa = PBXFileReference; explicitFileType = wrapper.cfbundle; includeInIndex = 0; path = "字体间距Tests.xctest"; sourceTree = BUILT_PRODUCTS_DIR; };
		681DAA0D1B60E8AC00575485 /* Info.plist */ = {isa = PBXFileReference; lastKnownFileType = text.plist.xml; path = Info.plist; sourceTree = "<group>"; };
		681DAA0E1B60E8AC00575485 /* ____Tests.m */ = {isa = PBXFileReference; lastKnownFileType = sourcecode.c.objc; path = "____Tests.m"; sourceTree = "<group>"; };
/* End PBXFileReference section */

/* Begin PBXFrameworksBuildPhase section */
		681DA9EC1B60E8AC00575485 /* Frameworks */ = {
			isa = PBXFrameworksBuildPhase;
			buildActionMask = 2147483647;
			files = (
			);
			runOnlyForDeploymentPostprocessing = 0;
		};
		681DAA051B60E8AC00575485 /* Frameworks */ = {
			isa = PBXFrameworksBuildPhase;
			buildActionMask = 2147483647;
			files = (
			);
			runOnlyForDeploymentPostprocessing = 0;
		};
/* End PBXFrameworksBuildPhase section */

/* Begin PBXGroup section */
		681DA9E61B60E8AC00575485 = {
			isa = PBXGroup;
			children = (
				681DA9F11B60E8AC00575485 /* 字体间距 */,
				681DAA0B1B60E8AC00575485 /* 字体间距Tests */,
				681DA9F01B60E8AC00575485 /* Products */,
			);
			sourceTree = "<group>";
		};
		681DA9F01B60E8AC00575485 /* Products */ = {
			isa = PBXGroup;
			children = (
				681DA9EF1B60E8AC00575485 /* 字体间距.app */,
				681DAA081B60E8AC00575485 /* 字体间距Tests.xctest */,
			);
			name = Products;
			sourceTree = "<group>";
		};
		681DA9F11B60E8AC00575485 /* 字体间距 */ = {
			isa = PBXGroup;
			children = (
				681DA9F61B60E8AC00575485 /* AppDelegate.h */,
				681DA9F71B60E8AC00575485 /* AppDelegate.m */,
				681DA9F91B60E8AC00575485 /* ViewController.h */,
				681DA9FA1B60E8AC00575485 /* ViewController.m */,
				681DA9FC1B60E8AC00575485 /* Main.storyboard */,
				681DA9FF1B60E8AC00575485 /* Images.xcassets */,
				681DAA011B60E8AC00575485 /* LaunchScreen.xib */,
				681DA9F21B60E8AC00575485 /* Supporting Files */,
			);
			path = "字体间距";
			sourceTree = "<group>";
		};
		681DA9F21B60E8AC00575485 /* Supporting Files */ = {
			isa = PBXGroup;
			children = (
				681DA9F31B60E8AC00575485 /* Info.plist */,
				681DA9F41B60E8AC00575485 /* main.m */,
			);
			name = "Supporting Files";
			sourceTree = "<group>";
		};
		681DAA0B1B60E8AC00575485 /* 字体间距Tests */ = {
			isa = PBXGroup;
			children = (
				681DAA0E1B60E8AC00575485 /* ____Tests.m */,
				681DAA0C1B60E8AC00575485 /* Supporting Files */,
			);
			path = "字体间距Tests";
			sourceTree = "<group>";
		};
		681DAA0C1B60E8AC00575485 /* Supporting Files */ = {
			isa = PBXGroup;
			children = (
				681DAA0D1B60E8AC00575485 /* Info.plist */,
			);
			name = "Supporting Files";
			sourceTree = "<group>";
		};
/* End PBXGroup section */

/* Begin PBXNativeTarget section */
		681DA9EE1B60E8AC00575485 /* 字体间距 */ = {
			isa = PBXNativeTarget;
			buildConfigurationList = 681DAA121B60E8AC00575485 /* Build configuration list for PBXNativeTarget "字体间距" */;
			buildPhases = (
				681DA9EB1B60E8AC00575485 /* Sources */,
				681DA9EC1B60E8AC00575485 /* Frameworks */,
				681DA9ED1B60E8AC00575485 /* Resources */,
			);
			buildRules = (
			);
			dependencies = (
			);
			name = "字体间距";
			productName = "字体间距";
			productReference = 681DA9EF1B60E8AC00575485 /* 字体间距.app */;
			productType = "com.apple.product-type.application";
		};
		681DAA071B60E8AC00575485 /* 字体间距Tests */ = {
			isa = PBXNativeTarget;
			buildConfigurationList = 681DAA151B60E8AC00575485 /* Build configuration list for PBXNativeTarget "字体间距Tests" */;
			buildPhases = (
				681DAA041B60E8AC00575485 /* Sources */,
				681DAA051B60E8AC00575485 /* Frameworks */,
				681DAA061B60E8AC00575485 /* Resources */,
			);
			buildRules = (
			);
			dependencies = (
				681DAA0A1B60E8AC00575485 /* PBXTargetDependency */,
			);
			name = "字体间距Tests";
			productName = "字体间距Tests";
			productReference = 681DAA081B60E8AC00575485 /* 字体间距Tests.xctest */;
			productType = "com.apple.product-type.bundle.unit-test";
		};
/* End PBXNativeTarget section */

/* Begin PBXProject section */
		681DA9E71B60E8AC00575485 /* Project object */ = {
			isa = PBXProject;
			attributes = {
				LastUpgradeCheck = 0640;
				ORGANIZATIONNAME = Codeliu;
				TargetAttributes = {
					681DA9EE1B60E8AC00575485 = {
						CreatedOnToolsVersion = 6.4;
					};
					681DAA071B60E8AC00575485 = {
						CreatedOnToolsVersion = 6.4;
						TestTargetID = 681DA9EE1B60E8AC00575485;
					};
				};
			};
			buildConfigurationList = 681DA9EA1B60E8AC00575485 /* Build configuration list for PBXProject "字体间距" */;
			compatibilityVersion = "Xcode 3.2";
			developmentRegion = English;
			hasScannedForEncodings = 0;
			knownRegions = (
				en,
				Base,
			);
			mainGroup = 681DA9E61B60E8AC00575485;
			productRefGroup = 681DA9F01B60E8AC00575485 /* Products */;
			projectDirPath = "";
			projectRoot = "";
			targets = (
				681DA9EE1B60E8AC00575485 /* 字体间距 */,
				681DAA071B60E8AC00575485 /* 字体间距Tests */,
			);
		};
/* End PBXProject section */

/* Begin PBXResourcesBuildPhase section */
		681DA9ED1B60E8AC00575485 /* Resources */ = {
			isa = PBXResourcesBuildPhase;
			buildActionMask = 2147483647;
			files = (
				681DA9FE1B60E8AC00575485 /* Main.storyboard in Resources */,
				681DAA031B60E8AC00575485 /* LaunchScreen.xib in Resources */,
				681DAA001B60E8AC00575485 /* Images.xcassets in Resources */,
			);
			runOnlyForDeploymentPostprocessing = 0;
		};
		681DAA061B60E8AC00575485 /* Resources */ = {
			isa = PBXResourcesBuildPhase;
			buildActionMask = 2147483647;
			files = (
			);
			runOnlyForDeploymentPostprocessing = 0;
		};
/* End PBXResourcesBuildPhase section */

/* Begin PBXSourcesBuildPhase section */
		681DA9EB1B60E8AC00575485 /* Sources */ = {
			isa = PBXSourcesBuildPhase;
			buildActionMask = 2147483647;
			files = (
				681DA9FB1B60E8AC00575485 /* ViewController.m in Sources */,
				681DA9F81B60E8AC00575485 /* AppDelegate.m in Sources */,
				681DA9F51B60E8AC00575485 /* main.m in Sources */,
			);
			runOnlyForDeploymentPostprocessing = 0;
		};
		681DAA041B60E8AC00575485 /* Sources */ = {
			isa = PBXSourcesBuildPhase;
			buildActionMask = 2147483647;
			files = (
				681DAA0F1B60E8AC00575485 /* ____Tests.m in Sources */,
			);
			runOnlyForDeploymentPostprocessing = 0;
		};
/* End PBXSourcesBuildPhase section */

/* Begin PBXTargetDependency section */
		681DAA0A1B60E8AC00575485 /* PBXTargetDependency */ = {
			isa = PBXTargetDependency;
			target = 681DA9EE1B60E8AC00575485 /* 字体间距 */;
			targetProxy = 681DAA091B60E8AC00575485 /* PBXContainerItemProxy */;
		};
/* End PBXTargetDependency section */

/* Begin PBXVariantGroup section */
		681DA9FC1B60E8AC00575485 /* Main.storyboard */ = {
			isa = PBXVariantGroup;
			children = (
				681DA9FD1B60E8AC00575485 /* Base */,
			);
			name = Main.storyboard;
			sourceTree = "<group>";
		};
		681DAA011B60E8AC00575485 /* LaunchScreen.xib */ = {
			isa = PBXVariantGroup;
			children = (
				681DAA021B60E8AC00575485 /* Base */,
			);
			name = LaunchScreen.xib;
			sourceTree = "<group>";
		};
/* End PBXVariantGroup section */

/* Begin XCBuildConfiguration section */
		681DAA101B60E8AC00575485 /* Debug */ = {
			isa = XCBuildConfiguration;
			buildSettings = {
				ALWAYS_SEARCH_USER_PATHS = NO;
				CLANG_CXX_LANGUAGE_STANDARD = "gnu++0x";
				CLANG_CXX_LIBRARY = "libc++";
				CLANG_ENABLE_MODULES = YES;
				CLANG_ENABLE_OBJC_ARC = YES;
				CLANG_WARN_BOOL_CONVERSION = YES;
				CLANG_WARN_CONSTANT_CONVERSION = YES;
				CLANG_WARN_DIRECT_OBJC_ISA_USAGE = YES_ERROR;
				CLANG_WARN_EMPTY_BODY = YES;
				CLANG_WARN_ENUM_CONVERSION = YES;
				CLANG_WARN_INT_CONVERSION = YES;
				CLANG_WARN_OBJC_ROOT_CLASS = YES_ERROR;
				CLANG_WARN_UNREACHABLE_CODE = YES;
				CLANG_WARN__DUPLICATE_METHOD_MATCH = YES;
				"CODE_SIGN_IDENTITY[sdk=iphoneos*]" = "iPhone Developer";
				COPY_PHASE_STRIP = NO;
				DEBUG_INFORMATION_FORMAT = "dwarf-with-dsym";
				ENABLE_STRICT_OBJC_MSGSEND = YES;
				GCC_C_LANGUAGE_STANDARD = gnu99;
				GCC_DYNAMIC_NO_PIC = NO;
				GCC_NO_COMMON_BLOCKS = YES;
				GCC_OPTIMIZATION_LEVEL = 0;
				GCC_PREPROCESSOR_DEFINITIONS = (
					"DEBUG=1",
					"$(inherited)",
				);
				GCC_SYMBOLS_PRIVATE_EXTERN = NO;
				GCC_WARN_64_TO_32_BIT_CONVERSION = YES;
				GCC_WARN_ABOUT_RETURN_TYPE = YES_ERROR;
				GCC_WARN_UNDECLARED_SELECTOR = YES;
				GCC_WARN_UNINITIALIZED_AUTOS = YES_AGGRESSIVE;
				GCC_WARN_UNUSED_FUNCTION = YES;
				GCC_WARN_UNUSED_VARIABLE = YES;
				IPHONEOS_DEPLOYMENT_TARGET = 8.4;
				MTL_ENABLE_DEBUG_INFO = YES;
				ONLY_ACTIVE_ARCH = YES;
				SDKROOT = iphoneos;
				TARGETED_DEVICE_FAMILY = "1,2";
			};
			name = Debug;
		};
		681DAA111B60E8AC00575485 /* Release */ = {
			isa = XCBuildConfiguration;
			buildSettings = {
				ALWAYS_SEARCH_USER_PATHS = NO;
				CLANG_CXX_LANGUAGE_STANDARD = "gnu++0x";
				CLANG_CXX_LIBRARY = "libc++";
				CLANG_ENABLE_MODULES = YES;
				CLANG_ENABLE_OBJC_ARC = YES;
				CLANG_WARN_BOOL_CONVERSION = YES;
				CLANG_WARN_CONSTANT_CONVERSION = YES;
				CLANG_WARN_DIRECT_OBJC_ISA_USAGE = YES_ERROR;
				CLANG_WARN_EMPTY_BODY = YES;
				CLANG_WARN_ENUM_CONVERSION = YES;
				CLANG_WARN_INT_CONVERSION = YES;
				CLANG_WARN_OBJC_ROOT_CLASS = YES_ERROR;
				CLANG_WARN_UNREACHABLE_CODE = YES;
				CLANG_WARN__DUPLICATE_METHOD_MATCH = YES;
				"CODE_SIGN_IDENTITY[sdk=iphoneos*]" = "iPhone Developer";
				COPY_PHASE_STRIP = NO;
				DEBUG_INFORMATION_FORMAT = "dwarf-with-dsym";
				ENABLE_NS_ASSERTIONS = NO;
				ENABLE_STRICT_OBJC_MSGSEND = YES;
				GCC_C_LANGUAGE_STANDARD = gnu99;
				GCC_NO_COMMON_BLOCKS = YES;
				GCC_WARN_64_TO_32_BIT_CONVERSION = YES;
				GCC_WARN_ABOUT_RETURN_TYPE = YES_ERROR;
				GCC_WARN_UNDECLARED_SELECTOR = YES;
				GCC_WARN_UNINITIALIZED_AUTOS = YES_AGGRESSIVE;
				GCC_WARN_UNUSED_FUNCTION = YES;
				GCC_WARN_UNUSED_VARIABLE = YES;
				IPHONEOS_DEPLOYMENT_TARGET = 8.4;
				MTL_ENABLE_DEBUG_INFO = NO;
				SDKROOT = iphoneos;
				TARGETED_DEVICE_FAMILY = "1,2";
				VALIDATE_PRODUCT = YES;
			};
			name = Release;
		};
		681DAA131B60E8AC00575485 /* Debug */ = {
			isa = XCBuildConfiguration;
			buildSettings = {
				ASSETCATALOG_COMPILER_APPICON_NAME = AppIcon;
				INFOPLIST_FILE = "字体间距/Info.plist";
				LD_RUNPATH_SEARCH_PATHS = "$(inherited) @executable_path/Frameworks";
				PRODUCT_NAME = "$(TARGET_NAME)";
			};
			name = Debug;
		};
		681DAA141B60E8AC00575485 /* Release */ = {
			isa = XCBuildConfiguration;
			buildSettings = {
				ASSETCATALOG_COMPILER_APPICON_NAME = AppIcon;
				INFOPLIST_FILE = "字体间距/Info.plist";
				LD_RUNPATH_SEARCH_PATHS = "$(inherited) @executable_path/Frameworks";
				PRODUCT_NAME = "$(TARGET_NAME)";
			};
			name = Release;
		};
		681DAA161B60E8AC00575485 /* Debug */ = {
			isa = XCBuildConfiguration;
			buildSettings = {
				BUNDLE_LOADER = "$(TEST_HOST)";
				FRAMEWORK_SEARCH_PATHS = (
					"$(SDKROOT)/Developer/Library/Frameworks",
					"$(inherited)",
				);
				GCC_PREPROCESSOR_DEFINITIONS = (
					"DEBUG=1",
					"$(inherited)",
				);
				INFOPLIST_FILE = "字体间距Tests/Info.plist";
				LD_RUNPATH_SEARCH_PATHS = "$(inherited) @executable_path/Frameworks @loader_path/Frameworks";
				PRODUCT_NAME = "$(TARGET_NAME)";
				TEST_HOST = "$(BUILT_PRODUCTS_DIR)/字体间距.app/字体间距";
			};
			name = Debug;
		};
		681DAA171B60E8AC00575485 /* Release */ = {
			isa = XCBuildConfiguration;
			buildSettings = {
				BUNDLE_LOADER = "$(TEST_HOST)";
				FRAMEWORK_SEARCH_PATHS = (
					"$(SDKROOT)/Developer/Library/Frameworks",
					"$(inherited)",
				);
				INFOPLIST_FILE = "字体间距Tests/Info.plist";
				LD_RUNPATH_SEARCH_PATHS = "$(inherited) @executable_path/Frameworks @loader_path/Frameworks";
				PRODUCT_NAME = "$(TARGET_NAME)";
				TEST_HOST = "$(BUILT_PRODUCTS_DIR)/字体间距.app/字体间距";
			};
			name = Release;
		};
/* End XCBuildConfiguration section */

/* Begin XCConfigurationList section */
		681DA9EA1B60E8AC00575485 /* Build configuration list for PBXProject "字体间距" */ = {
			isa = XCConfigurationList;
			buildConfigurations = (
				681DAA101B60E8AC00575485 /* Debug */,
				681DAA111B60E8AC00575485 /* Release */,
			);
			defaultConfigurationIsVisible = 0;
			defaultConfigurationName = Release;
		};
		681DAA121B60E8AC00575485 /* Build configuration list for PBXNativeTarget "字体间距" */ = {
			isa = XCConfigurationList;
			buildConfigurations = (
				681DAA131B60E8AC00575485 /* Debug */,
				681DAA141B60E8AC00575485 /* Release */,
			);
			defaultConfigurationIsVisible = 0;
		};
		681DAA151B60E8AC00575485 /* Build configuration list for PBXNativeTarget "字体间距Tests" */ = {
			isa = XCConfigurationList;
			buildConfigurations = (
				681DAA161B60E8AC00575485 /* Debug */,
				681DAA171B60E8AC00575485 /* Release */,
			);
			defaultConfigurationIsVisible = 0;
		};
/* End XCConfigurationList section */
	};
	rootObject = 681DA9E71B60E8AC00575485 /* Project object */;
}
